// !$*UTF8*$!
{
	archiveVersion = 1;
	classes = {
	};
	objectVersion = 60;
	objects = {

/* Begin PBXBuildFile section */
		321225C22AC33A5600DBE7E9 /* AppDelegate.swift in Sources */ = {isa = PBXBuildFile; fileRef = 321225C12AC33A5600DBE7E9 /* AppDelegate.swift */; };
		321225C42AC33A5600DBE7E9 /* SceneDelegate.swift in Sources */ = {isa = PBXBuildFile; fileRef = 321225C32AC33A5600DBE7E9 /* SceneDelegate.swift */; };
		321225C92AC33A5600DBE7E9 /* Main.storyboard in Resources */ = {isa = PBXBuildFile; fileRef = 321225C72AC33A5600DBE7E9 /* Main.storyboard */; };
		321225CB2AC33A5700DBE7E9 /* Assets.xcassets in Resources */ = {isa = PBXBuildFile; fileRef = 321225CA2AC33A5700DBE7E9 /* Assets.xcassets */; };
		321225CE2AC33A5700DBE7E9 /* LaunchScreen.storyboard in Resources */ = {isa = PBXBuildFile; fileRef = 321225CC2AC33A5700DBE7E9 /* LaunchScreen.storyboard */; };
		321F5CF62ACA477A00FB8AC5 /* TermsViewController.swift in Sources */ = {isa = PBXBuildFile; fileRef = 321F5CF52ACA477A00FB8AC5 /* TermsViewController.swift */; };
		321F5CF92ACA4ADC00FB8AC5 /* TermsScreenView.swift in Sources */ = {isa = PBXBuildFile; fileRef = 321F5CF82ACA4ADC00FB8AC5 /* TermsScreenView.swift */; };
		321F5CFB2ACA4D0A00FB8AC5 /* PersonalViewController.swift in Sources */ = {isa = PBXBuildFile; fileRef = 321F5CFA2ACA4D0A00FB8AC5 /* PersonalViewController.swift */; };
		321F5CFD2ACA4D3100FB8AC5 /* PersonalScreenView.swift in Sources */ = {isa = PBXBuildFile; fileRef = 321F5CFC2ACA4D3100FB8AC5 /* PersonalScreenView.swift */; };
		322788552AC35D0F00F16F06 /* ValidatableFormItems.swift in Sources */ = {isa = PBXBuildFile; fileRef = 322788542AC35D0F00F16F06 /* ValidatableFormItems.swift */; };
		322B458E2AC33BEB001917DE /* Forms in Frameworks */ = {isa = PBXBuildFile; productRef = 322B458D2AC33BEB001917DE /* Forms */; };
		32E341F22ACA6E020073E119 /* PasswordViewController.swift in Sources */ = {isa = PBXBuildFile; fileRef = 32E341F12ACA6E020073E119 /* PasswordViewController.swift */; };
		32E341F42ACA73300073E119 /* FormButtonItemCell.swift in Sources */ = {isa = PBXBuildFile; fileRef = 32E341F32ACA73300073E119 /* FormButtonItemCell.swift */; };
		32E341F62ACA73510073E119 /* FormTextItemCell.swift in Sources */ = {isa = PBXBuildFile; fileRef = 32E341F52ACA73510073E119 /* FormTextItemCell.swift */; };
		32EF92582ACA5934002278A7 /* PermissionsViewController.swift in Sources */ = {isa = PBXBuildFile; fileRef = 32EF92572ACA5934002278A7 /* PermissionsViewController.swift */; };
		32EF925A2ACA595C002278A7 /* PermissionsScreenView.swift in Sources */ = {isa = PBXBuildFile; fileRef = 32EF92592ACA595C002278A7 /* PermissionsScreenView.swift */; };
		32EF925C2ACA5FD7002278A7 /* FinishedViewController.swift in Sources */ = {isa = PBXBuildFile; fileRef = 32EF925B2ACA5FD7002278A7 /* FinishedViewController.swift */; };
		32EF925E2ACA6006002278A7 /* FinishedScreenView.swift in Sources */ = {isa = PBXBuildFile; fileRef = 32EF925D2ACA6006002278A7 /* FinishedScreenView.swift */; };
/* End PBXBuildFile section */

/* Begin PBXFileReference section */
		321225BE2AC33A5600DBE7E9 /* Example.app */ = {isa = PBXFileReference; explicitFileType = wrapper.application; includeInIndex = 0; path = Example.app; sourceTree = BUILT_PRODUCTS_DIR; };
		321225C12AC33A5600DBE7E9 /* AppDelegate.swift */ = {isa = PBXFileReference; lastKnownFileType = sourcecode.swift; path = AppDelegate.swift; sourceTree = "<group>"; };
		321225C32AC33A5600DBE7E9 /* SceneDelegate.swift */ = {isa = PBXFileReference; lastKnownFileType = sourcecode.swift; path = SceneDelegate.swift; sourceTree = "<group>"; };
		321225C82AC33A5600DBE7E9 /* Base */ = {isa = PBXFileReference; lastKnownFileType = file.storyboard; name = Base; path = Base.lproj/Main.storyboard; sourceTree = "<group>"; };
		321225CA2AC33A5700DBE7E9 /* Assets.xcassets */ = {isa = PBXFileReference; lastKnownFileType = folder.assetcatalog; path = Assets.xcassets; sourceTree = "<group>"; };
		321225CD2AC33A5700DBE7E9 /* Base */ = {isa = PBXFileReference; lastKnownFileType = file.storyboard; name = Base; path = Base.lproj/LaunchScreen.storyboard; sourceTree = "<group>"; };
		321225CF2AC33A5700DBE7E9 /* Info.plist */ = {isa = PBXFileReference; lastKnownFileType = text.plist.xml; path = Info.plist; sourceTree = "<group>"; };
		321F5CF52ACA477A00FB8AC5 /* TermsViewController.swift */ = {isa = PBXFileReference; lastKnownFileType = sourcecode.swift; path = TermsViewController.swift; sourceTree = "<group>"; };
		321F5CF82ACA4ADC00FB8AC5 /* TermsScreenView.swift */ = {isa = PBXFileReference; lastKnownFileType = sourcecode.swift; path = TermsScreenView.swift; sourceTree = "<group>"; };
		321F5CFA2ACA4D0A00FB8AC5 /* PersonalViewController.swift */ = {isa = PBXFileReference; lastKnownFileType = sourcecode.swift; path = PersonalViewController.swift; sourceTree = "<group>"; };
		321F5CFC2ACA4D3100FB8AC5 /* PersonalScreenView.swift */ = {isa = PBXFileReference; lastKnownFileType = sourcecode.swift; path = PersonalScreenView.swift; sourceTree = "<group>"; };
		322788542AC35D0F00F16F06 /* ValidatableFormItems.swift */ = {isa = PBXFileReference; lastKnownFileType = sourcecode.swift; path = ValidatableFormItems.swift; sourceTree = "<group>"; };
		32E341F12ACA6E020073E119 /* PasswordViewController.swift */ = {isa = PBXFileReference; lastKnownFileType = sourcecode.swift; path = PasswordViewController.swift; sourceTree = "<group>"; };
		32E341F32ACA73300073E119 /* FormButtonItemCell.swift */ = {isa = PBXFileReference; lastKnownFileType = sourcecode.swift; path = FormButtonItemCell.swift; sourceTree = "<group>"; };
		32E341F52ACA73510073E119 /* FormTextItemCell.swift */ = {isa = PBXFileReference; lastKnownFileType = sourcecode.swift; path = FormTextItemCell.swift; sourceTree = "<group>"; };
		32EF92572ACA5934002278A7 /* PermissionsViewController.swift */ = {isa = PBXFileReference; lastKnownFileType = sourcecode.swift; path = PermissionsViewController.swift; sourceTree = "<group>"; };
		32EF92592ACA595C002278A7 /* PermissionsScreenView.swift */ = {isa = PBXFileReference; lastKnownFileType = sourcecode.swift; path = PermissionsScreenView.swift; sourceTree = "<group>"; };
		32EF925B2ACA5FD7002278A7 /* FinishedViewController.swift */ = {isa = PBXFileReference; lastKnownFileType = sourcecode.swift; path = FinishedViewController.swift; sourceTree = "<group>"; };
		32EF925D2ACA6006002278A7 /* FinishedScreenView.swift */ = {isa = PBXFileReference; lastKnownFileType = sourcecode.swift; path = FinishedScreenView.swift; sourceTree = "<group>"; };
/* End PBXFileReference section */

/* Begin PBXFrameworksBuildPhase section */
		321225BB2AC33A5600DBE7E9 /* Frameworks */ = {
			isa = PBXFrameworksBuildPhase;
			buildActionMask = 2147483647;
			files = (
				322B458E2AC33BEB001917DE /* Forms in Frameworks */,
			);
			runOnlyForDeploymentPostprocessing = 0;
		};
/* End PBXFrameworksBuildPhase section */

/* Begin PBXGroup section */
		321225B52AC33A5600DBE7E9 = {
			isa = PBXGroup;
			children = (
				321225C02AC33A5600DBE7E9 /* Example */,
				321225BF2AC33A5600DBE7E9 /* Products */,
			);
			sourceTree = "<group>";
		};
		321225BF2AC33A5600DBE7E9 /* Products */ = {
			isa = PBXGroup;
			children = (
				321225BE2AC33A5600DBE7E9 /* Example.app */,
			);
			name = Products;
			sourceTree = "<group>";
		};
		321225C02AC33A5600DBE7E9 /* Example */ = {
			isa = PBXGroup;
			children = (
				321F5CF72ACA4AD200FB8AC5 /* Views */,
				321F5CF42ACA471500FB8AC5 /* Controllers */,
				321225C12AC33A5600DBE7E9 /* AppDelegate.swift */,
				321225C32AC33A5600DBE7E9 /* SceneDelegate.swift */,
				321225C72AC33A5600DBE7E9 /* Main.storyboard */,
				321225CA2AC33A5700DBE7E9 /* Assets.xcassets */,
				321225CC2AC33A5700DBE7E9 /* LaunchScreen.storyboard */,
				321225CF2AC33A5700DBE7E9 /* Info.plist */,
				322788542AC35D0F00F16F06 /* ValidatableFormItems.swift */,
			);
			path = Example;
			sourceTree = "<group>";
		};
		321F5CF42ACA471500FB8AC5 /* Controllers */ = {
			isa = PBXGroup;
			children = (
				321F5CF52ACA477A00FB8AC5 /* TermsViewController.swift */,
				321F5CFA2ACA4D0A00FB8AC5 /* PersonalViewController.swift */,
				32EF92572ACA5934002278A7 /* PermissionsViewController.swift */,
				32EF925B2ACA5FD7002278A7 /* FinishedViewController.swift */,
				32E341F12ACA6E020073E119 /* PasswordViewController.swift */,
			);
			path = Controllers;
			sourceTree = "<group>";
		};
		321F5CF72ACA4AD200FB8AC5 /* Views */ = {
			isa = PBXGroup;
			children = (
				321F5CF82ACA4ADC00FB8AC5 /* TermsScreenView.swift */,
				321F5CFC2ACA4D3100FB8AC5 /* PersonalScreenView.swift */,
				32EF92592ACA595C002278A7 /* PermissionsScreenView.swift */,
				32EF925D2ACA6006002278A7 /* FinishedScreenView.swift */,
				32E341F32ACA73300073E119 /* FormButtonItemCell.swift */,
				32E341F52ACA73510073E119 /* FormTextItemCell.swift */,
			);
			path = Views;
			sourceTree = "<group>";
		};
/* End PBXGroup section */

/* Begin PBXNativeTarget section */
		321225BD2AC33A5600DBE7E9 /* Example */ = {
			isa = PBXNativeTarget;
			buildConfigurationList = 321225D22AC33A5700DBE7E9 /* Build configuration list for PBXNativeTarget "Example" */;
			buildPhases = (
				321225BA2AC33A5600DBE7E9 /* Sources */,
				321225BB2AC33A5600DBE7E9 /* Frameworks */,
				321225BC2AC33A5600DBE7E9 /* Resources */,
			);
			buildRules = (
			);
			dependencies = (
			);
			name = Example;
			packageProductDependencies = (
				322B458D2AC33BEB001917DE /* Forms */,
			);
			productName = Example;
			productReference = 321225BE2AC33A5600DBE7E9 /* Example.app */;
			productType = "com.apple.product-type.application";
		};
/* End PBXNativeTarget section */

/* Begin PBXProject section */
		321225B62AC33A5600DBE7E9 /* Project object */ = {
			isa = PBXProject;
			attributes = {
				BuildIndependentTargetsInParallel = 1;
				LastSwiftUpdateCheck = 1500;
				LastUpgradeCheck = 1500;
				TargetAttributes = {
					321225BD2AC33A5600DBE7E9 = {
						CreatedOnToolsVersion = 15.0;
					};
				};
			};
			buildConfigurationList = 321225B92AC33A5600DBE7E9 /* Build configuration list for PBXProject "Example" */;
			compatibilityVersion = "Xcode 14.0";
			developmentRegion = en;
			hasScannedForEncodings = 0;
			knownRegions = (
				en,
				Base,
			);
			mainGroup = 321225B52AC33A5600DBE7E9;
			packageReferences = (
				322B458C2AC33BEB001917DE /* XCLocalSwiftPackageReference ".." */,
			);
			productRefGroup = 321225BF2AC33A5600DBE7E9 /* Products */;
			projectDirPath = "";
			projectRoot = "";
			targets = (
				321225BD2AC33A5600DBE7E9 /* Example */,
			);
		};
/* End PBXProject section */

/* Begin PBXResourcesBuildPhase section */
		321225BC2AC33A5600DBE7E9 /* Resources */ = {
			isa = PBXResourcesBuildPhase;
			buildActionMask = 2147483647;
			files = (
				321225CE2AC33A5700DBE7E9 /* LaunchScreen.storyboard in Resources */,
				321225CB2AC33A5700DBE7E9 /* Assets.xcassets in Resources */,
				321225C92AC33A5600DBE7E9 /* Main.storyboard in Resources */,
			);
			runOnlyForDeploymentPostprocessing = 0;
		};
/* End PBXResourcesBuildPhase section */

/* Begin PBXSourcesBuildPhase section */
		321225BA2AC33A5600DBE7E9 /* Sources */ = {
			isa = PBXSourcesBuildPhase;
			buildActionMask = 2147483647;
			files = (
				32EF925C2ACA5FD7002278A7 /* FinishedViewController.swift in Sources */,
				321225C22AC33A5600DBE7E9 /* AppDelegate.swift in Sources */,
				32EF92582ACA5934002278A7 /* PermissionsViewController.swift in Sources */,
				321F5CFD2ACA4D3100FB8AC5 /* PersonalScreenView.swift in Sources */,
				321F5CFB2ACA4D0A00FB8AC5 /* PersonalViewController.swift in Sources */,
				32E341F62ACA73510073E119 /* FormTextItemCell.swift in Sources */,
				32EF925A2ACA595C002278A7 /* PermissionsScreenView.swift in Sources */,
				32E341F42ACA73300073E119 /* FormButtonItemCell.swift in Sources */,
				321F5CF92ACA4ADC00FB8AC5 /* TermsScreenView.swift in Sources */,
				322788552AC35D0F00F16F06 /* ValidatableFormItems.swift in Sources */,
				321F5CF62ACA477A00FB8AC5 /* TermsViewController.swift in Sources */,
				32EF925E2ACA6006002278A7 /* FinishedScreenView.swift in Sources */,
				321225C42AC33A5600DBE7E9 /* SceneDelegate.swift in Sources */,
				32E341F22ACA6E020073E119 /* PasswordViewController.swift in Sources */,
			);
			runOnlyForDeploymentPostprocessing = 0;
		};
/* End PBXSourcesBuildPhase section */

/* Begin PBXVariantGroup section */
		321225C72AC33A5600DBE7E9 /* Main.storyboard */ = {
			isa = PBXVariantGroup;
			children = (
				321225C82AC33A5600DBE7E9 /* Base */,
			);
			name = Main.storyboard;
			sourceTree = "<group>";
		};
		321225CC2AC33A5700DBE7E9 /* LaunchScreen.storyboard */ = {
			isa = PBXVariantGroup;
			children = (
				321225CD2AC33A5700DBE7E9 /* Base */,
			);
			name = LaunchScreen.storyboard;
			sourceTree = "<group>";
		};
/* End PBXVariantGroup section */

/* Begin XCBuildConfiguration section */
		321225D02AC33A5700DBE7E9 /* Debug */ = {
			isa = XCBuildConfiguration;
			buildSettings = {
				ALWAYS_SEARCH_USER_PATHS = NO;
				ASSETCATALOG_COMPILER_GENERATE_SWIFT_ASSET_SYMBOL_EXTENSIONS = YES;
				CLANG_ANALYZER_NONNULL = YES;
				CLANG_ANALYZER_NUMBER_OBJECT_CONVERSION = YES_AGGRESSIVE;
				CLANG_CXX_LANGUAGE_STANDARD = "gnu++20";
				CLANG_ENABLE_MODULES = YES;
				CLANG_ENABLE_OBJC_ARC = YES;
				CLANG_ENABLE_OBJC_WEAK = YES;
				CLANG_WARN_BLOCK_CAPTURE_AUTORELEASING = YES;
				CLANG_WARN_BOOL_CONVERSION = YES;
				CLANG_WARN_COMMA = YES;
				CLANG_WARN_CONSTANT_CONVERSION = YES;
				CLANG_WARN_DEPRECATED_OBJC_IMPLEMENTATIONS = YES;
				CLANG_WARN_DIRECT_OBJC_ISA_USAGE = YES_ERROR;
				CLANG_WARN_DOCUMENTATION_COMMENTS = YES;
				CLANG_WARN_EMPTY_BODY = YES;
				CLANG_WARN_ENUM_CONVERSION = YES;
				CLANG_WARN_INFINITE_RECURSION = YES;
				CLANG_WARN_INT_CONVERSION = YES;
				CLANG_WARN_NON_LITERAL_NULL_CONVERSION = YES;
				CLANG_WARN_OBJC_IMPLICIT_RETAIN_SELF = YES;
				CLANG_WARN_OBJC_LITERAL_CONVERSION = YES;
				CLANG_WARN_OBJC_ROOT_CLASS = YES_ERROR;
				CLANG_WARN_QUOTED_INCLUDE_IN_FRAMEWORK_HEADER = YES;
				CLANG_WARN_RANGE_LOOP_ANALYSIS = YES;
				CLANG_WARN_STRICT_PROTOTYPES = YES;
				CLANG_WARN_SUSPICIOUS_MOVE = YES;
				CLANG_WARN_UNGUARDED_AVAILABILITY = YES_AGGRESSIVE;
				CLANG_WARN_UNREACHABLE_CODE = YES;
				CLANG_WARN__DUPLICATE_METHOD_MATCH = YES;
				COPY_PHASE_STRIP = NO;
				DEBUG_INFORMATION_FORMAT = dwarf;
				ENABLE_STRICT_OBJC_MSGSEND = YES;
				ENABLE_TESTABILITY = YES;
				ENABLE_USER_SCRIPT_SANDBOXING = YES;
				GCC_C_LANGUAGE_STANDARD = gnu17;
				GCC_DYNAMIC_NO_PIC = NO;
				GCC_NO_COMMON_BLOCKS = YES;
				GCC_OPTIMIZATION_LEVEL = 0;
				GCC_PREPROCESSOR_DEFINITIONS = (
					"DEBUG=1",
					"$(inherited)",
				);
				GCC_WARN_64_TO_32_BIT_CONVERSION = YES;
				GCC_WARN_ABOUT_RETURN_TYPE = YES_ERROR;
				GCC_WARN_UNDECLARED_SELECTOR = YES;
				GCC_WARN_UNINITIALIZED_AUTOS = YES_AGGRESSIVE;
				GCC_WARN_UNUSED_FUNCTION = YES;
				GCC_WARN_UNUSED_VARIABLE = YES;
				IPHONEOS_DEPLOYMENT_TARGET = 17.0;
				LOCALIZATION_PREFERS_STRING_CATALOGS = YES;
				MTL_ENABLE_DEBUG_INFO = INCLUDE_SOURCE;
				MTL_FAST_MATH = YES;
				ONLY_ACTIVE_ARCH = YES;
				SDKROOT = iphoneos;
				SWIFT_ACTIVE_COMPILATION_CONDITIONS = "DEBUG $(inherited)";
				SWIFT_OPTIMIZATION_LEVEL = "-Onone";
			};
			name = Debug;
		};
		321225D12AC33A5700DBE7E9 /* Release */ = {
			isa = XCBuildConfiguration;
			buildSettings = {
				ALWAYS_SEARCH_USER_PATHS = NO;
				ASSETCATALOG_COMPILER_GENERATE_SWIFT_ASSET_SYMBOL_EXTENSIONS = YES;
				CLANG_ANALYZER_NONNULL = YES;
				CLANG_ANALYZER_NUMBER_OBJECT_CONVERSION = YES_AGGRESSIVE;
				CLANG_CXX_LANGUAGE_STANDARD = "gnu++20";
				CLANG_ENABLE_MODULES = YES;
				CLANG_ENABLE_OBJC_ARC = YES;
				CLANG_ENABLE_OBJC_WEAK = YES;
				CLANG_WARN_BLOCK_CAPTURE_AUTORELEASING = YES;
				CLANG_WARN_BOOL_CONVERSION = YES;
				CLANG_WARN_COMMA = YES;
				CLANG_WARN_CONSTANT_CONVERSION = YES;
				CLANG_WARN_DEPRECATED_OBJC_IMPLEMENTATIONS = YES;
				CLANG_WARN_DIRECT_OBJC_ISA_USAGE = YES_ERROR;
				CLANG_WARN_DOCUMENTATION_COMMENTS = YES;
				CLANG_WARN_EMPTY_BODY = YES;
				CLANG_WARN_ENUM_CONVERSION = YES;
				CLANG_WARN_INFINITE_RECURSION = YES;
				CLANG_WARN_INT_CONVERSION = YES;
				CLANG_WARN_NON_LITERAL_NULL_CONVERSION = YES;
				CLANG_WARN_OBJC_IMPLICIT_RETAIN_SELF = YES;
				CLANG_WARN_OBJC_LITERAL_CONVERSION = YES;
				CLANG_WARN_OBJC_ROOT_CLASS = YES_ERROR;
				CLANG_WARN_QUOTED_INCLUDE_IN_FRAMEWORK_HEADER = YES;
				CLANG_WARN_RANGE_LOOP_ANALYSIS = YES;
				CLANG_WARN_STRICT_PROTOTYPES = YES;
				CLANG_WARN_SUSPICIOUS_MOVE = YES;
				CLANG_WARN_UNGUARDED_AVAILABILITY = YES_AGGRESSIVE;
				CLANG_WARN_UNREACHABLE_CODE = YES;
				CLANG_WARN__DUPLICATE_METHOD_MATCH = YES;
				COPY_PHASE_STRIP = NO;
				DEBUG_INFORMATION_FORMAT = "dwarf-with-dsym";
				ENABLE_NS_ASSERTIONS = NO;
				ENABLE_STRICT_OBJC_MSGSEND = YES;
				ENABLE_USER_SCRIPT_SANDBOXING = YES;
				GCC_C_LANGUAGE_STANDARD = gnu17;
				GCC_NO_COMMON_BLOCKS = YES;
				GCC_WARN_64_TO_32_BIT_CONVERSION = YES;
				GCC_WARN_ABOUT_RETURN_TYPE = YES_ERROR;
				GCC_WARN_UNDECLARED_SELECTOR = YES;
				GCC_WARN_UNINITIALIZED_AUTOS = YES_AGGRESSIVE;
				GCC_WARN_UNUSED_FUNCTION = YES;
				GCC_WARN_UNUSED_VARIABLE = YES;
				IPHONEOS_DEPLOYMENT_TARGET = 17.0;
				LOCALIZATION_PREFERS_STRING_CATALOGS = YES;
				MTL_ENABLE_DEBUG_INFO = NO;
				MTL_FAST_MATH = YES;
				SDKROOT = iphoneos;
				SWIFT_COMPILATION_MODE = wholemodule;
				VALIDATE_PRODUCT = YES;
			};
			name = Release;
		};
		321225D32AC33A5700DBE7E9 /* Debug */ = {
			isa = XCBuildConfiguration;
			buildSettings = {
				ASSETCATALOG_COMPILER_APPICON_NAME = AppIcon;
				ASSETCATALOG_COMPILER_GLOBAL_ACCENT_COLOR_NAME = AccentColor;
				CODE_SIGN_STYLE = Automatic;
				CURRENT_PROJECT_VERSION = 1;
				GENERATE_INFOPLIST_FILE = YES;
				INFOPLIST_FILE = Example/Info.plist;
				INFOPLIST_KEY_UIApplicationSupportsIndirectInputEvents = YES;
				INFOPLIST_KEY_UILaunchStoryboardName = LaunchScreen;
				INFOPLIST_KEY_UIMainStoryboardFile = Main;
				INFOPLIST_KEY_UISupportedInterfaceOrientations = UIInterfaceOrientationPortrait;
				LD_RUNPATH_SEARCH_PATHS = (
					"$(inherited)",
					"@executable_path/Frameworks",
				);
				MARKETING_VERSION = 1.0;
				PRODUCT_BUNDLE_IDENTIFIER = bmz.Forms.Example;
				PRODUCT_NAME = "$(TARGET_NAME)";
				SUPPORTED_PLATFORMS = "iphoneos iphonesimulator";
				SUPPORTS_MACCATALYST = NO;
				SUPPORTS_MAC_DESIGNED_FOR_IPHONE_IPAD = NO;
				SWIFT_EMIT_LOC_STRINGS = YES;
				SWIFT_VERSION = 5.0;
				TARGETED_DEVICE_FAMILY = 1;
			};
			name = Debug;
		};
		321225D42AC33A5700DBE7E9 /* Release */ = {
			isa = XCBuildConfiguration;
			buildSettings = {
				ASSETCATALOG_COMPILER_APPICON_NAME = AppIcon;
				ASSETCATALOG_COMPILER_GLOBAL_ACCENT_COLOR_NAME = AccentColor;
				CODE_SIGN_STYLE = Automatic;
				CURRENT_PROJECT_VERSION = 1;
				GENERATE_INFOPLIST_FILE = YES;
				INFOPLIST_FILE = Example/Info.plist;
				INFOPLIST_KEY_UIApplicationSupportsIndirectInputEvents = YES;
				INFOPLIST_KEY_UILaunchStoryboardName = LaunchScreen;
				INFOPLIST_KEY_UIMainStoryboardFile = Main;
				INFOPLIST_KEY_UISupportedInterfaceOrientations = UIInterfaceOrientationPortrait;
				LD_RUNPATH_SEARCH_PATHS = (
					"$(inherited)",
					"@executable_path/Frameworks",
				);
				MARKETING_VERSION = 1.0;
				PRODUCT_BUNDLE_IDENTIFIER = bmz.Forms.Example;
				PRODUCT_NAME = "$(TARGET_NAME)";
				SUPPORTED_PLATFORMS = "iphoneos iphonesimulator";
				SUPPORTS_MACCATALYST = NO;
				SUPPORTS_MAC_DESIGNED_FOR_IPHONE_IPAD = NO;
				SWIFT_EMIT_LOC_STRINGS = YES;
				SWIFT_VERSION = 5.0;
				TARGETED_DEVICE_FAMILY = 1;
			};
			name = Release;
		};
/* End XCBuildConfiguration section */

/* Begin XCConfigurationList section */
		321225B92AC33A5600DBE7E9 /* Build configuration list for PBXProject "Example" */ = {
			isa = XCConfigurationList;
			buildConfigurations = (
				321225D02AC33A5700DBE7E9 /* Debug */,
				321225D12AC33A5700DBE7E9 /* Release */,
			);
			defaultConfigurationIsVisible = 0;
			defaultConfigurationName = Release;
		};
		321225D22AC33A5700DBE7E9 /* Build configuration list for PBXNativeTarget "Example" */ = {
			isa = XCConfigurationList;
			buildConfigurations = (
				321225D32AC33A5700DBE7E9 /* Debug */,
				321225D42AC33A5700DBE7E9 /* Release */,
			);
			defaultConfigurationIsVisible = 0;
			defaultConfigurationName = Release;
		};
/* End XCConfigurationList section */

/* Begin XCLocalSwiftPackageReference section */
		322B458C2AC33BEB001917DE /* XCLocalSwiftPackageReference ".." */ = {
			isa = XCLocalSwiftPackageReference;
			relativePath = ..;
		};
/* End XCLocalSwiftPackageReference section */

/* Begin XCSwiftPackageProductDependency section */
		322B458D2AC33BEB001917DE /* Forms */ = {
			isa = XCSwiftPackageProductDependency;
			productName = Forms;
		};
/* End XCSwiftPackageProductDependency section */
	};
	rootObject = 321225B62AC33A5600DBE7E9 /* Project object */;
}
